
Microsoft Visual Studio Solution File, Format Version 11.00
# Visual Studio 2010
Project("{FAE04EC0-301F-11D3-BF4B-00C04F79EFBC}") = "ComponentModel-v40", "src\ComponentModel\ComponentModel-v40.csproj", "{A82CD088-1DBD-434F-BB75-E8773738D85E}"
EndProject
Project("{FAE04EC0-301F-11D3-BF4B-00C04F79EFBC}") = "UnitTestFramework-v40", "Tests\UnitTestFramework\UnitTestFramework-v40.csproj", "{D381C1C8-18AC-4778-8B47-5D4FD4F529F8}"
EndProject
Project("{FAE04EC0-301F-11D3-BF4B-00C04F79EFBC}") = "ComponentModelUnitTest-v40", "Tests\ComponentModelUnitTest\ComponentModelUnitTest-v40.csproj", "{A117C4DF-5725-4DCF-BB58-5AB29AE6ABBB}"
EndProject
Project("{2150E333-8FDC-42A3-9474-1A3956D46DE8}") = "Tests", "Tests", "{C89D0726-A1D8-4907-A4A2-74A7375FEAF3}"
EndProject
Project("{FAE04EC0-301F-11D3-BF4B-00C04F79EFBC}") = "ComponentModelTransparentAssembly-v40", "Tests\ComponentModelTransparentAssembly\ComponentModelTransparentAssembly-v40.csproj", "{A60AF19E-8307-4FD6-9A12-BDC662933EC2}"
EndProject
Project("{2150E333-8FDC-42A3-9474-1A3956D46DE8}") = "Samples", "Samples", "{0A76A78A-3B4D-42BD-B14C-DF3FB4F8F35F}"
EndProject
Project("{2150E333-8FDC-42A3-9474-1A3956D46DE8}") = "Caching", "Caching", "{46A783F9-5F99-4E95-8474-38EBF3D79677}"
EndProject
Project("{FAE04EC0-301F-11D3-BF4B-00C04F79EFBC}") = "Caching", "Samples\Caching\Caching\Caching.csproj", "{D75F8CFC-3036-4F59-AD2C-6310D32C8B07}"
EndProject
Project("{FAE04EC0-301F-11D3-BF4B-00C04F79EFBC}") = "CachingSample", "Samples\Caching\CachingSample\CachingSample.csproj", "{AE2AD230-5E18-4D17-B073-C40F7976DDDB}"
EndProject
Project("{FAE04EC0-301F-11D3-BF4B-00C04F79EFBC}") = "CachingSampleContracts", "Samples\Caching\CachingSampleContracts\CachingSampleContracts.csproj", "{6805E502-56BC-4915-9528-41D498A93DCC}"
EndProject
Project("{FAE04EC0-301F-11D3-BF4B-00C04F79EFBC}") = "CachingSampleParts", "Samples\Caching\CachingSampleParts\CachingSampleParts.csproj", "{91694D00-0FF1-4A04-AC3F-F734D13AE70D}"
EndProject
Project("{2150E333-8FDC-42A3-9474-1A3956D46DE8}") = "CompositionDiagnostics", "CompositionDiagnostics", "{FF831199-B72B-463E-BB57-9E7FB0E27EEE}"
EndProject
Project("{FAE04EC0-301F-11D3-BF4B-00C04F79EFBC}") = "DiagnosticsExample", "Samples\CompositionDiagnostics\DiagnositicsExample\DiagnosticsExample.csproj", "{58EF052A-2A9B-4400-A55A-4C1576D53D17}"
EndProject
Project("{FAE04EC0-301F-11D3-BF4B-00C04F79EFBC}") = "mefx", "Samples\CompositionDiagnostics\mefx\mefx.csproj", "{CCE2BB2C-DF5D-4509-8327-3B81EDD4F259}"
EndProject
Project("{FAE04EC0-301F-11D3-BF4B-00C04F79EFBC}") = "Microsoft.ComponentModel.Composition.Diagnostics", "Samples\CompositionDiagnostics\Microsoft.ComponentModel.Composition.Diagnostics\Microsoft.ComponentModel.Composition.Diagnostics.csproj", "{0A44C587-989D-4785-9311-8BF8069BB775}"
EndProject
Project("{FAE04EC0-301F-11D3-BF4B-00C04F79EFBC}") = "Microsoft.ComponentModel.Composition.Diagnostics.Tests", "Samples\CompositionDiagnostics\Microsoft.ComponentModel.Composition.Diagnostics.Tests\Microsoft.ComponentModel.Composition.Diagnostics.Tests.csproj", "{3D2774F9-84F4-4261-BFEB-14D1F94C6E56}"
EndProject
Project("{2150E333-8FDC-42A3-9474-1A3956D46DE8}") = "Meflook", "Meflook", "{8571A7F8-3C9E-4FCD-9E17-59B2C2ACF61C}"
EndProject
Project("{2150E333-8FDC-42A3-9474-1A3956D46DE8}") = "MefShapes", "MefShapes", "{8EE58055-F4E7-4C50-92A7-9146520EFED9}"
EndProject
Project("{2150E333-8FDC-42A3-9474-1A3956D46DE8}") = "MEFStudio", "MEFStudio", "{04316C0D-A9DF-44A6-8036-F7C9613F8F7F}"
EndProject
Project("{2150E333-8FDC-42A3-9474-1A3956D46DE8}") = "XFileExplorer", "XFileExplorer", "{753C1FEA-31DD-4791-97B5-2D8987370D97}"
EndProject
Project("{FAE04EC0-301F-11D3-BF4B-00C04F79EFBC}") = "EmailService", "Samples\Meflook\EmailService\EmailService.csproj", "{EB960ED5-8757-4968-A005-CE5555EB5C82}"
EndProject
Project("{FAE04EC0-301F-11D3-BF4B-00C04F79EFBC}") = "MEFLook", "Samples\Meflook\Meflook\MEFLook.csproj", "{773A33A1-5CDF-48E4-9D7F-0DB3DBF3DBC3}"
EndProject
Project("{FAE04EC0-301F-11D3-BF4B-00C04F79EFBC}") = "MefShapes", "Samples\MefShapes\MefShapes\MefShapes.csproj", "{FC556AFF-9BA6-4A1A-94C9-513F168622B8}"
EndProject
Project("{FAE04EC0-301F-11D3-BF4B-00C04F79EFBC}") = "MefShapes.AdditionalShapes", "Samples\MefShapes\MefShapes.AdditionalShapes\MefShapes.AdditionalShapes.csproj", "{8A6BD641-A8E6-4958-A31C-8631EB208354}"
EndProject
Project("{FAE04EC0-301F-11D3-BF4B-00C04F79EFBC}") = "MefShapes.Shapes", "Samples\MefShapes\MefShapes.Shapes\MefShapes.Shapes.csproj", "{8DE4EE4D-2BF1-495B-AA35-8D393F87EBF8}"
EndProject
Project("{FAE04EC0-301F-11D3-BF4B-00C04F79EFBC}") = "Contracts", "Samples\MEFStudio\Contracts\Contracts.csproj", "{51DD97E4-90F9-4A9F-8DB8-C8074CDCBBFF}"
EndProject
Project("{FAE04EC0-301F-11D3-BF4B-00C04F79EFBC}") = "Designers", "Samples\MEFStudio\Designers\Designers.csproj", "{1C4DF849-8BC3-45E8-9032-949933D91DC4}"
EndProject
Project("{FAE04EC0-301F-11D3-BF4B-00C04F79EFBC}") = "ToolWindows", "Samples\MEFStudio\ToolWindows\ToolWindows.csproj", "{1BEE7343-5F8D-41B2-AC11-BD7DEBC4F73D}"
EndProject
Project("{FAE04EC0-301F-11D3-BF4B-00C04F79EFBC}") = "MoreToolboxControls", "Samples\MEFStudio\ToolboxControls\MoreToolboxControls.csproj", "{60397628-D7F2-4E8F-B823-CA147238EFBD}"
EndProject
Project("{FAE04EC0-301F-11D3-BF4B-00C04F79EFBC}") = "Toolbox", "Samples\MEFStudio\Toolbox\Toolbox.csproj", "{AB33C23B-3B11-4F63-9A4D-E6493FE591D9}"
EndProject
Project("{FAE04EC0-301F-11D3-BF4B-00C04F79EFBC}") = "Shell", "Samples\MEFStudio\Shell\Shell.csproj", "{3951FF95-830B-4846-8FD2-F164FA33693D}"
EndProject
Project("{FAE04EC0-301F-11D3-BF4B-00C04F79EFBC}") = "MoreDesigners", "Samples\MEFStudio\MoreDesigners\MoreDesigners.csproj", "{ECF69686-79D9-4324-801F-3FF109BDA3FF}"
EndProject
Project("{FAE04EC0-301F-11D3-BF4B-00C04F79EFBC}") = "XFileExplorer", "Samples\XFileExplorer\XFileExplorer\XFileExplorer.csproj", "{216C45D5-DA63-41F2-BE12-26CBD90F5635}"
EndProject
Project("{FAE04EC0-301F-11D3-BF4B-00C04F79EFBC}") = "XFileExplorerComponents", "Samples\XFileExplorer\XFileExplorerComponents\XFileExplorerComponents.csproj", "{FAB56861-3662-4B4E-BC35-A3E96970CC24}"
EndProject
Project("{FAE04EC0-301F-11D3-BF4B-00C04F79EFBC}") = "XFileExplorerFavorites", "Samples\XFileExplorer\XFileExplorerFavorites\XFileExplorerFavorites.csproj", "{3E80684B-9F51-4C04-BBC1-1918EA811F2C}"
EndProject
Global
	GlobalSection(SolutionConfigurationPlatforms) = preSolution
		Debug|Any CPU = Debug|Any CPU
		Debug|x86 = Debug|x86
		Release|Any CPU = Release|Any CPU
		Release|x86 = Release|x86
	EndGlobalSection
	GlobalSection(ProjectConfigurationPlatforms) = postSolution
		{A82CD088-1DBD-434F-BB75-E8773738D85E}.Debug|Any CPU.ActiveCfg = Debug|Any CPU
		{A82CD088-1DBD-434F-BB75-E8773738D85E}.Debug|Any CPU.Build.0 = Debug|Any CPU
		{A82CD088-1DBD-434F-BB75-E8773738D85E}.Debug|x86.ActiveCfg = Debug|Any CPU
		{A82CD088-1DBD-434F-BB75-E8773738D85E}.Release|Any CPU.ActiveCfg = Release|Any CPU
		{A82CD088-1DBD-434F-BB75-E8773738D85E}.Release|Any CPU.Build.0 = Release|Any CPU
		{A82CD088-1DBD-434F-BB75-E8773738D85E}.Release|x86.ActiveCfg = Release|Any CPU
		{D381C1C8-18AC-4778-8B47-5D4FD4F529F8}.Debug|Any CPU.ActiveCfg = Debug|Any CPU
		{D381C1C8-18AC-4778-8B47-5D4FD4F529F8}.Debug|Any CPU.Build.0 = Debug|Any CPU
		{D381C1C8-18AC-4778-8B47-5D4FD4F529F8}.Debug|x86.ActiveCfg = Debug|Any CPU
		{D381C1C8-18AC-4778-8B47-5D4FD4F529F8}.Release|Any CPU.ActiveCfg = Release|Any CPU
		{D381C1C8-18AC-4778-8B47-5D4FD4F529F8}.Release|Any CPU.Build.0 = Release|Any CPU
		{D381C1C8-18AC-4778-8B47-5D4FD4F529F8}.Release|x86.ActiveCfg = Release|Any CPU
		{A117C4DF-5725-4DCF-BB58-5AB29AE6ABBB}.Debug|Any CPU.ActiveCfg = Debug|Any CPU
		{A117C4DF-5725-4DCF-BB58-5AB29AE6ABBB}.Debug|Any CPU.Build.0 = Debug|Any CPU
		{A117C4DF-5725-4DCF-BB58-5AB29AE6ABBB}.Debug|x86.ActiveCfg = Debug|Any CPU
		{A117C4DF-5725-4DCF-BB58-5AB29AE6ABBB}.Release|Any CPU.ActiveCfg = Release|Any CPU
		{A117C4DF-5725-4DCF-BB58-5AB29AE6ABBB}.Release|Any CPU.Build.0 = Release|Any CPU
		{A117C4DF-5725-4DCF-BB58-5AB29AE6ABBB}.Release|x86.ActiveCfg = Release|Any CPU
		{A60AF19E-8307-4FD6-9A12-BDC662933EC2}.Debug|Any CPU.ActiveCfg = Debug|Any CPU
		{A60AF19E-8307-4FD6-9A12-BDC662933EC2}.Debug|Any CPU.Build.0 = Debug|Any CPU
		{A60AF19E-8307-4FD6-9A12-BDC662933EC2}.Debug|x86.ActiveCfg = Debug|Any CPU
		{A60AF19E-8307-4FD6-9A12-BDC662933EC2}.Release|Any CPU.ActiveCfg = Release|Any CPU
		{A60AF19E-8307-4FD6-9A12-BDC662933EC2}.Release|Any CPU.Build.0 = Release|Any CPU
		{A60AF19E-8307-4FD6-9A12-BDC662933EC2}.Release|x86.ActiveCfg = Release|Any CPU
		{D75F8CFC-3036-4F59-AD2C-6310D32C8B07}.Debug|Any CPU.ActiveCfg = Debug|Any CPU
		{D75F8CFC-3036-4F59-AD2C-6310D32C8B07}.Debug|Any CPU.Build.0 = Debug|Any CPU
		{D75F8CFC-3036-4F59-AD2C-6310D32C8B07}.Debug|x86.ActiveCfg = Debug|Any CPU
		{D75F8CFC-3036-4F59-AD2C-6310D32C8B07}.Release|Any CPU.ActiveCfg = Release|Any CPU
		{D75F8CFC-3036-4F59-AD2C-6310D32C8B07}.Release|Any CPU.Build.0 = Release|Any CPU
		{D75F8CFC-3036-4F59-AD2C-6310D32C8B07}.Release|x86.ActiveCfg = Release|Any CPU
		{AE2AD230-5E18-4D17-B073-C40F7976DDDB}.Debug|Any CPU.ActiveCfg = Debug|Any CPU
		{AE2AD230-5E18-4D17-B073-C40F7976DDDB}.Debug|Any CPU.Build.0 = Debug|Any CPU
		{AE2AD230-5E18-4D17-B073-C40F7976DDDB}.Debug|x86.ActiveCfg = Debug|Any CPU
		{AE2AD230-5E18-4D17-B073-C40F7976DDDB}.Release|Any CPU.ActiveCfg = Release|Any CPU
		{AE2AD230-5E18-4D17-B073-C40F7976DDDB}.Release|Any CPU.Build.0 = Release|Any CPU
		{AE2AD230-5E18-4D17-B073-C40F7976DDDB}.Release|x86.ActiveCfg = Release|Any CPU
		{6805E502-56BC-4915-9528-41D498A93DCC}.Debug|Any CPU.ActiveCfg = Debug|Any CPU
		{6805E502-56BC-4915-9528-41D498A93DCC}.Debug|Any CPU.Build.0 = Debug|Any CPU
		{6805E502-56BC-4915-9528-41D498A93DCC}.Debug|x86.ActiveCfg = Debug|Any CPU
		{6805E502-56BC-4915-9528-41D498A93DCC}.Release|Any CPU.ActiveCfg = Release|Any CPU
		{6805E502-56BC-4915-9528-41D498A93DCC}.Release|Any CPU.Build.0 = Release|Any CPU
		{6805E502-56BC-4915-9528-41D498A93DCC}.Release|x86.ActiveCfg = Release|Any CPU
		{91694D00-0FF1-4A04-AC3F-F734D13AE70D}.Debug|Any CPU.ActiveCfg = Debug|Any CPU
		{91694D00-0FF1-4A04-AC3F-F734D13AE70D}.Debug|Any CPU.Build.0 = Debug|Any CPU
		{91694D00-0FF1-4A04-AC3F-F734D13AE70D}.Debug|x86.ActiveCfg = Debug|Any CPU
		{91694D00-0FF1-4A04-AC3F-F734D13AE70D}.Release|Any CPU.ActiveCfg = Release|Any CPU
		{91694D00-0FF1-4A04-AC3F-F734D13AE70D}.Release|Any CPU.Build.0 = Release|Any CPU
		{91694D00-0FF1-4A04-AC3F-F734D13AE70D}.Release|x86.ActiveCfg = Release|Any CPU
		{58EF052A-2A9B-4400-A55A-4C1576D53D17}.Debug|Any CPU.ActiveCfg = Debug|x86
		{58EF052A-2A9B-4400-A55A-4C1576D53D17}.Debug|Any CPU.Build.0 = Debug|x86
		{58EF052A-2A9B-4400-A55A-4C1576D53D17}.Debug|x86.ActiveCfg = Debug|x86
		{58EF052A-2A9B-4400-A55A-4C1576D53D17}.Debug|x86.Build.0 = Debug|x86
		{58EF052A-2A9B-4400-A55A-4C1576D53D17}.Release|Any CPU.ActiveCfg = Debug|x86
		{58EF052A-2A9B-4400-A55A-4C1576D53D17}.Release|Any CPU.Build.0 = Debug|x86
		{58EF052A-2A9B-4400-A55A-4C1576D53D17}.Release|x86.ActiveCfg = Debug|x86
		{58EF052A-2A9B-4400-A55A-4C1576D53D17}.Release|x86.Build.0 = Debug|x86
		{CCE2BB2C-DF5D-4509-8327-3B81EDD4F259}.Debug|Any CPU.ActiveCfg = Debug|x86
		{CCE2BB2C-DF5D-4509-8327-3B81EDD4F259}.Debug|Any CPU.Build.0 = Debug|x86
		{CCE2BB2C-DF5D-4509-8327-3B81EDD4F259}.Debug|x86.ActiveCfg = Debug|x86
		{CCE2BB2C-DF5D-4509-8327-3B81EDD4F259}.Debug|x86.Build.0 = Debug|x86
		{CCE2BB2C-DF5D-4509-8327-3B81EDD4F259}.Release|Any CPU.ActiveCfg = Debug|x86
		{CCE2BB2C-DF5D-4509-8327-3B81EDD4F259}.Release|Any CPU.Build.0 = Debug|x86
		{CCE2BB2C-DF5D-4509-8327-3B81EDD4F259}.Release|x86.ActiveCfg = Debug|x86
		{CCE2BB2C-DF5D-4509-8327-3B81EDD4F259}.Release|x86.Build.0 = Debug|x86
		{0A44C587-989D-4785-9311-8BF8069BB775}.Debug|Any CPU.ActiveCfg = Debug|Any CPU
		{0A44C587-989D-4785-9311-8BF8069BB775}.Debug|Any CPU.Build.0 = Debug|Any CPU
		{0A44C587-989D-4785-9311-8BF8069BB775}.Debug|x86.ActiveCfg = Debug|Any CPU
		{0A44C587-989D-4785-9311-8BF8069BB775}.Release|Any CPU.ActiveCfg = Debug|Any CPU
		{0A44C587-989D-4785-9311-8BF8069BB775}.Release|Any CPU.Build.0 = Debug|Any CPU
		{0A44C587-989D-4785-9311-8BF8069BB775}.Release|x86.ActiveCfg = Debug|Any CPU
		{3D2774F9-84F4-4261-BFEB-14D1F94C6E56}.Debug|Any CPU.ActiveCfg = Debug|Any CPU
		{3D2774F9-84F4-4261-BFEB-14D1F94C6E56}.Debug|Any CPU.Build.0 = Debug|Any CPU
		{3D2774F9-84F4-4261-BFEB-14D1F94C6E56}.Debug|x86.ActiveCfg = Debug|Any CPU
		{3D2774F9-84F4-4261-BFEB-14D1F94C6E56}.Release|Any CPU.ActiveCfg = Debug|Any CPU
		{3D2774F9-84F4-4261-BFEB-14D1F94C6E56}.Release|Any CPU.Build.0 = Debug|Any CPU
		{3D2774F9-84F4-4261-BFEB-14D1F94C6E56}.Release|x86.ActiveCfg = Debug|Any CPU
		{EB960ED5-8757-4968-A005-CE5555EB5C82}.Debug|Any CPU.ActiveCfg = Debug|Any CPU
		{EB960ED5-8757-4968-A005-CE5555EB5C82}.Debug|Any CPU.Build.0 = Debug|Any CPU
		{EB960ED5-8757-4968-A005-CE5555EB5C82}.Debug|x86.ActiveCfg = Debug|Any CPU
		{EB960ED5-8757-4968-A005-CE5555EB5C82}.Release|Any CPU.ActiveCfg = Debug|Any CPU
		{EB960ED5-8757-4968-A005-CE5555EB5C82}.Release|Any CPU.Build.0 = Debug|Any CPU
		{EB960ED5-8757-4968-A005-CE5555EB5C82}.Release|x86.ActiveCfg = Debug|Any CPU
		{773A33A1-5CDF-48E4-9D7F-0DB3DBF3DBC3}.Debug|Any CPU.ActiveCfg = Debug|x86
		{773A33A1-5CDF-48E4-9D7F-0DB3DBF3DBC3}.Debug|Any CPU.Build.0 = Debug|x86
		{773A33A1-5CDF-48E4-9D7F-0DB3DBF3DBC3}.Debug|x86.ActiveCfg = Debug|x86
		{773A33A1-5CDF-48E4-9D7F-0DB3DBF3DBC3}.Debug|x86.Build.0 = Debug|x86
		{773A33A1-5CDF-48E4-9D7F-0DB3DBF3DBC3}.Release|Any CPU.ActiveCfg = Debug|x86
		{773A33A1-5CDF-48E4-9D7F-0DB3DBF3DBC3}.Release|Any CPU.Build.0 = Debug|x86
		{773A33A1-5CDF-48E4-9D7F-0DB3DBF3DBC3}.Release|x86.ActiveCfg = Debug|x86
		{773A33A1-5CDF-48E4-9D7F-0DB3DBF3DBC3}.Release|x86.Build.0 = Debug|x86
		{FC556AFF-9BA6-4A1A-94C9-513F168622B8}.Debug|Any CPU.ActiveCfg = Debug|x86
		{FC556AFF-9BA6-4A1A-94C9-513F168622B8}.Debug|Any CPU.Build.0 = Debug|x86
		{FC556AFF-9BA6-4A1A-94C9-513F168622B8}.Debug|x86.ActiveCfg = Debug|x86
		{FC556AFF-9BA6-4A1A-94C9-513F168622B8}.Debug|x86.Build.0 = Debug|x86
		{FC556AFF-9BA6-4A1A-94C9-513F168622B8}.Release|Any CPU.ActiveCfg = Debug|x86
		{FC556AFF-9BA6-4A1A-94C9-513F168622B8}.Release|Any CPU.Build.0 = Debug|x86
		{FC556AFF-9BA6-4A1A-94C9-513F168622B8}.Release|x86.ActiveCfg = Debug|x86
		{FC556AFF-9BA6-4A1A-94C9-513F168622B8}.Release|x86.Build.0 = Debug|x86
		{8A6BD641-A8E6-4958-A31C-8631EB208354}.Debug|Any CPU.ActiveCfg = Debug|Any CPU
		{8A6BD641-A8E6-4958-A31C-8631EB208354}.Debug|Any CPU.Build.0 = Debug|Any CPU
		{8A6BD641-A8E6-4958-A31C-8631EB208354}.Debug|x86.ActiveCfg = Debug|Any CPU
		{8A6BD641-A8E6-4958-A31C-8631EB208354}.Release|Any CPU.ActiveCfg = Debug|Any CPU
		{8A6BD641-A8E6-4958-A31C-8631EB208354}.Release|Any CPU.Build.0 = Debug|Any CPU
		{8A6BD641-A8E6-4958-A31C-8631EB208354}.Release|x86.ActiveCfg = Debug|Any CPU
		{8DE4EE4D-2BF1-495B-AA35-8D393F87EBF8}.Debug|Any CPU.ActiveCfg = Debug|Any CPU
		{8DE4EE4D-2BF1-495B-AA35-8D393F87EBF8}.Debug|Any CPU.Build.0 = Debug|Any CPU
		{8DE4EE4D-2BF1-495B-AA35-8D393F87EBF8}.Debug|x86.ActiveCfg = Debug|Any CPU
		{8DE4EE4D-2BF1-495B-AA35-8D393F87EBF8}.Release|Any CPU.ActiveCfg = Debug|Any CPU
		{8DE4EE4D-2BF1-495B-AA35-8D393F87EBF8}.Release|Any CPU.Build.0 = Debug|Any CPU
		{8DE4EE4D-2BF1-495B-AA35-8D393F87EBF8}.Release|x86.ActiveCfg = Debug|Any CPU
		{51DD97E4-90F9-4A9F-8DB8-C8074CDCBBFF}.Debug|Any CPU.ActiveCfg = Debug|Any CPU
		{51DD97E4-90F9-4A9F-8DB8-C8074CDCBBFF}.Debug|Any CPU.Build.0 = Debug|Any CPU
		{51DD97E4-90F9-4A9F-8DB8-C8074CDCBBFF}.Debug|x86.ActiveCfg = Debug|Any CPU
		{51DD97E4-90F9-4A9F-8DB8-C8074CDCBBFF}.Release|Any CPU.ActiveCfg = Debug|Any CPU
		{51DD97E4-90F9-4A9F-8DB8-C8074CDCBBFF}.Release|Any CPU.Build.0 = Debug|Any CPU
		{51DD97E4-90F9-4A9F-8DB8-C8074CDCBBFF}.Release|x86.ActiveCfg = Debug|Any CPU
		{1C4DF849-8BC3-45E8-9032-949933D91DC4}.Debug|Any CPU.ActiveCfg = Debug|Any CPU
		{1C4DF849-8BC3-45E8-9032-949933D91DC4}.Debug|Any CPU.Build.0 = Debug|Any CPU
		{1C4DF849-8BC3-45E8-9032-949933D91DC4}.Debug|x86.ActiveCfg = Debug|Any CPU
		{1C4DF849-8BC3-45E8-9032-949933D91DC4}.Release|Any CPU.ActiveCfg = Debug|Any CPU
		{1C4DF849-8BC3-45E8-9032-949933D91DC4}.Release|Any CPU.Build.0 = Debug|Any CPU
		{1C4DF849-8BC3-45E8-9032-949933D91DC4}.Release|x86.ActiveCfg = Debug|Any CPU
		{1BEE7343-5F8D-41B2-AC11-BD7DEBC4F73D}.Debug|Any CPU.ActiveCfg = Debug|Any CPU
		{1BEE7343-5F8D-41B2-AC11-BD7DEBC4F73D}.Debug|Any CPU.Build.0 = Debug|Any CPU
		{1BEE7343-5F8D-41B2-AC11-BD7DEBC4F73D}.Debug|x86.ActiveCfg = Debug|Any CPU
		{1BEE7343-5F8D-41B2-AC11-BD7DEBC4F73D}.Release|Any CPU.ActiveCfg = Debug|Any CPU
		{1BEE7343-5F8D-41B2-AC11-BD7DEBC4F73D}.Release|Any CPU.Build.0 = Debug|Any CPU
		{1BEE7343-5F8D-41B2-AC11-BD7DEBC4F73D}.Release|x86.ActiveCfg = Debug|Any CPU
		{60397628-D7F2-4E8F-B823-CA147238EFBD}.Debug|Any CPU.ActiveCfg = Debug|Any CPU
		{60397628-D7F2-4E8F-B823-CA147238EFBD}.Debug|Any CPU.Build.0 = Debug|Any CPU
		{60397628-D7F2-4E8F-B823-CA147238EFBD}.Debug|x86.ActiveCfg = Debug|Any CPU
		{60397628-D7F2-4E8F-B823-CA147238EFBD}.Release|Any CPU.ActiveCfg = Debug|Any CPU
		{60397628-D7F2-4E8F-B823-CA147238EFBD}.Release|Any CPU.Build.0 = Debug|Any CPU
		{60397628-D7F2-4E8F-B823-CA147238EFBD}.Release|x86.ActiveCfg = Debug|Any CPU
		{AB33C23B-3B11-4F63-9A4D-E6493FE591D9}.Debug|Any CPU.ActiveCfg = Debug|Any CPU
		{AB33C23B-3B11-4F63-9A4D-E6493FE591D9}.Debug|Any CPU.Build.0 = Debug|Any CPU
		{AB33C23B-3B11-4F63-9A4D-E6493FE591D9}.Debug|x86.ActiveCfg = Debug|Any CPU
		{AB33C23B-3B11-4F63-9A4D-E6493FE591D9}.Release|Any CPU.ActiveCfg = Debug|Any CPU
		{AB33C23B-3B11-4F63-9A4D-E6493FE591D9}.Release|Any CPU.Build.0 = Debug|Any CPU
		{AB33C23B-3B11-4F63-9A4D-E6493FE591D9}.Release|x86.ActiveCfg = Debug|Any CPU
		{3951FF95-830B-4846-8FD2-F164FA33693D}.Debug|Any CPU.ActiveCfg = Debug|x86
		{3951FF95-830B-4846-8FD2-F164FA33693D}.Debug|Any CPU.Build.0 = Debug|x86
		{3951FF95-830B-4846-8FD2-F164FA33693D}.Debug|x86.ActiveCfg = Debug|x86
		{3951FF95-830B-4846-8FD2-F164FA33693D}.Debug|x86.Build.0 = Debug|x86
		{3951FF95-830B-4846-8FD2-F164FA33693D}.Release|Any CPU.ActiveCfg = Debug|x86
		{3951FF95-830B-4846-8FD2-F164FA33693D}.Release|Any CPU.Build.0 = Debug|x86
		{3951FF95-830B-4846-8FD2-F164FA33693D}.Release|x86.ActiveCfg = Debug|x86
		{3951FF95-830B-4846-8FD2-F164FA33693D}.Release|x86.Build.0 = Debug|x86
		{ECF69686-79D9-4324-801F-3FF109BDA3FF}.Debug|Any CPU.ActiveCfg = Debug|Any CPU
		{ECF69686-79D9-4324-801F-3FF109BDA3FF}.Debug|Any CPU.Build.0 = Debug|Any CPU
		{ECF69686-79D9-4324-801F-3FF109BDA3FF}.Debug|x86.ActiveCfg = Debug|Any CPU
		{ECF69686-79D9-4324-801F-3FF109BDA3FF}.Release|Any CPU.ActiveCfg = Debug|Any CPU
		{ECF69686-79D9-4324-801F-3FF109BDA3FF}.Release|Any CPU.Build.0 = Debug|Any CPU
		{ECF69686-79D9-4324-801F-3FF109BDA3FF}.Release|x86.ActiveCfg = Debug|Any CPU
		{216C45D5-DA63-41F2-BE12-26CBD90F5635}.Debug|Any CPU.ActiveCfg = Debug|x86
		{216C45D5-DA63-41F2-BE12-26CBD90F5635}.Debug|Any CPU.Build.0 = Debug|x86
		{216C45D5-DA63-41F2-BE12-26CBD90F5635}.Debug|x86.ActiveCfg = Debug|x86
		{216C45D5-DA63-41F2-BE12-26CBD90F5635}.Debug|x86.Build.0 = Debug|x86
		{216C45D5-DA63-41F2-BE12-26CBD90F5635}.Release|Any CPU.ActiveCfg = Debug|x86
		{216C45D5-DA63-41F2-BE12-26CBD90F5635}.Release|Any CPU.Build.0 = Debug|x86
		{216C45D5-DA63-41F2-BE12-26CBD90F5635}.Release|x86.ActiveCfg = Debug|x86
		{216C45D5-DA63-41F2-BE12-26CBD90F5635}.Release|x86.Build.0 = Debug|x86
		{FAB56861-3662-4B4E-BC35-A3E96970CC24}.Debug|Any CPU.ActiveCfg = Debug|Any CPU
		{FAB56861-3662-4B4E-BC35-A3E96970CC24}.Debug|Any CPU.Build.0 = Debug|Any CPU
		{FAB56861-3662-4B4E-BC35-A3E96970CC24}.Debug|x86.ActiveCfg = Debug|Any CPU
		{FAB56861-3662-4B4E-BC35-A3E96970CC24}.Release|Any CPU.ActiveCfg = Debug|Any CPU
		{FAB56861-3662-4B4E-BC35-A3E96970CC24}.Release|Any CPU.Build.0 = Debug|Any CPU
		{FAB56861-3662-4B4E-BC35-A3E96970CC24}.Release|x86.ActiveCfg = Debug|Any CPU
		{3E80684B-9F51-4C04-BBC1-1918EA811F2C}.Debug|Any CPU.ActiveCfg = Debug|Any CPU
		{3E80684B-9F51-4C04-BBC1-1918EA811F2C}.Debug|Any CPU.Build.0 = Debug|Any CPU
		{3E80684B-9F51-4C04-BBC1-1918EA811F2C}.Debug|x86.ActiveCfg = Debug|Any CPU
		{3E80684B-9F51-4C04-BBC1-1918EA811F2C}.Release|Any CPU.ActiveCfg = Debug|Any CPU
		{3E80684B-9F51-4C04-BBC1-1918EA811F2C}.Release|Any CPU.Build.0 = Debug|Any CPU
		{3E80684B-9F51-4C04-BBC1-1918EA811F2C}.Release|x86.ActiveCfg = Debug|Any CPU
	EndGlobalSection
	GlobalSection(SolutionProperties) = preSolution
		HideSolutionNode = FALSE
	EndGlobalSection
	GlobalSection(NestedProjects) = preSolution
		{A117C4DF-5725-4DCF-BB58-5AB29AE6ABBB} = {C89D0726-A1D8-4907-A4A2-74A7375FEAF3}
		{D381C1C8-18AC-4778-8B47-5D4FD4F529F8} = {C89D0726-A1D8-4907-A4A2-74A7375FEAF3}
		{A60AF19E-8307-4FD6-9A12-BDC662933EC2} = {C89D0726-A1D8-4907-A4A2-74A7375FEAF3}
		{46A783F9-5F99-4E95-8474-38EBF3D79677} = {0A76A78A-3B4D-42BD-B14C-DF3FB4F8F35F}
		{FF831199-B72B-463E-BB57-9E7FB0E27EEE} = {0A76A78A-3B4D-42BD-B14C-DF3FB4F8F35F}
		{8571A7F8-3C9E-4FCD-9E17-59B2C2ACF61C} = {0A76A78A-3B4D-42BD-B14C-DF3FB4F8F35F}
		{8EE58055-F4E7-4C50-92A7-9146520EFED9} = {0A76A78A-3B4D-42BD-B14C-DF3FB4F8F35F}
		{04316C0D-A9DF-44A6-8036-F7C9613F8F7F} = {0A76A78A-3B4D-42BD-B14C-DF3FB4F8F35F}
		{753C1FEA-31DD-4791-97B5-2D8987370D97} = {0A76A78A-3B4D-42BD-B14C-DF3FB4F8F35F}
		{D75F8CFC-3036-4F59-AD2C-6310D32C8B07} = {46A783F9-5F99-4E95-8474-38EBF3D79677}
		{AE2AD230-5E18-4D17-B073-C40F7976DDDB} = {46A783F9-5F99-4E95-8474-38EBF3D79677}
		{6805E502-56BC-4915-9528-41D498A93DCC} = {46A783F9-5F99-4E95-8474-38EBF3D79677}
		{91694D00-0FF1-4A04-AC3F-F734D13AE70D} = {46A783F9-5F99-4E95-8474-38EBF3D79677}
		{58EF052A-2A9B-4400-A55A-4C1576D53D17} = {FF831199-B72B-463E-BB57-9E7FB0E27EEE}
		{CCE2BB2C-DF5D-4509-8327-3B81EDD4F259} = {FF831199-B72B-463E-BB57-9E7FB0E27EEE}
		{0A44C587-989D-4785-9311-8BF8069BB775} = {FF831199-B72B-463E-BB57-9E7FB0E27EEE}
		{3D2774F9-84F4-4261-BFEB-14D1F94C6E56} = {FF831199-B72B-463E-BB57-9E7FB0E27EEE}
		{EB960ED5-8757-4968-A005-CE5555EB5C82} = {8571A7F8-3C9E-4FCD-9E17-59B2C2ACF61C}
		{773A33A1-5CDF-48E4-9D7F-0DB3DBF3DBC3} = {8571A7F8-3C9E-4FCD-9E17-59B2C2ACF61C}
		{FC556AFF-9BA6-4A1A-94C9-513F168622B8} = {8EE58055-F4E7-4C50-92A7-9146520EFED9}
		{8A6BD641-A8E6-4958-A31C-8631EB208354} = {8EE58055-F4E7-4C50-92A7-9146520EFED9}
		{8DE4EE4D-2BF1-495B-AA35-8D393F87EBF8} = {8EE58055-F4E7-4C50-92A7-9146520EFED9}
		{51DD97E4-90F9-4A9F-8DB8-C8074CDCBBFF} = {04316C0D-A9DF-44A6-8036-F7C9613F8F7F}
		{1C4DF849-8BC3-45E8-9032-949933D91DC4} = {04316C0D-A9DF-44A6-8036-F7C9613F8F7F}
		{1BEE7343-5F8D-41B2-AC11-BD7DEBC4F73D} = {04316C0D-A9DF-44A6-8036-F7C9613F8F7F}
		{60397628-D7F2-4E8F-B823-CA147238EFBD} = {04316C0D-A9DF-44A6-8036-F7C9613F8F7F}
		{AB33C23B-3B11-4F63-9A4D-E6493FE591D9} = {04316C0D-A9DF-44A6-8036-F7C9613F8F7F}
		{3951FF95-830B-4846-8FD2-F164FA33693D} = {04316C0D-A9DF-44A6-8036-F7C9613F8F7F}
		{ECF69686-79D9-4324-801F-3FF109BDA3FF} = {04316C0D-A9DF-44A6-8036-F7C9613F8F7F}
		{216C45D5-DA63-41F2-BE12-26CBD90F5635} = {753C1FEA-31DD-4791-97B5-2D8987370D97}
		{FAB56861-3662-4B4E-BC35-A3E96970CC24} = {753C1FEA-31DD-4791-97B5-2D8987370D97}
		{3E80684B-9F51-4C04-BBC1-1918EA811F2C} = {753C1FEA-31DD-4791-97B5-2D8987370D97}
	EndGlobalSection
EndGlobal
