
Microsoft Visual Studio Solution File, Format Version 11.00
# Visual Studio 2010
Project("{FAE04EC0-301F-11D3-BF4B-00C04F79EFBC}") = "LuaInject", "LuaInject\LuaInject.csproj", "{4ABF72F1-28B8-48C7-9F80-AF2A1BED4CA6}"
EndProject
Project("{FAE04EC0-301F-11D3-BF4B-00C04F79EFBC}") = "LuaInjectGUI", "LuaInjectGUI\LuaInjectGUI.csproj", "{5EACC26C-585D-41B8-8D15-CE9F0533D92D}"
EndProject
Project("{FAE04EC0-301F-11D3-BF4B-00C04F79EFBC}") = "LuaInjectAgent", "LuaInjectAgent\LuaInjectAgent.csproj", "{9EA747C8-B005-46CF-BF53-A555A7700C5F}"
EndProject
Project("{FAE04EC0-301F-11D3-BF4B-00C04F79EFBC}") = "LuaHooker", "LuaHooker\LuaHooker.csproj", "{60251F11-AD7F-4097-9A3C-4953A9D36B82}"
EndProject
Global
	GlobalSection(SolutionConfigurationPlatforms) = preSolution
		Debug|Any CPU = Debug|Any CPU
		Debug|Mixed Platforms = Debug|Mixed Platforms
		Debug|x86 = Debug|x86
		Release|Any CPU = Release|Any CPU
		Release|Mixed Platforms = Release|Mixed Platforms
		Release|x86 = Release|x86
	EndGlobalSection
	GlobalSection(ProjectConfigurationPlatforms) = postSolution
		{4ABF72F1-28B8-48C7-9F80-AF2A1BED4CA6}.Debug|Any CPU.ActiveCfg = Debug|Any CPU
		{4ABF72F1-28B8-48C7-9F80-AF2A1BED4CA6}.Debug|Any CPU.Build.0 = Debug|Any CPU
		{4ABF72F1-28B8-48C7-9F80-AF2A1BED4CA6}.Debug|Mixed Platforms.ActiveCfg = Debug|Any CPU
		{4ABF72F1-28B8-48C7-9F80-AF2A1BED4CA6}.Debug|Mixed Platforms.Build.0 = Debug|Any CPU
		{4ABF72F1-28B8-48C7-9F80-AF2A1BED4CA6}.Debug|x86.ActiveCfg = Debug|x86
		{4ABF72F1-28B8-48C7-9F80-AF2A1BED4CA6}.Debug|x86.Build.0 = Debug|x86
		{4ABF72F1-28B8-48C7-9F80-AF2A1BED4CA6}.Release|Any CPU.ActiveCfg = Release|Any CPU
		{4ABF72F1-28B8-48C7-9F80-AF2A1BED4CA6}.Release|Any CPU.Build.0 = Release|Any CPU
		{4ABF72F1-28B8-48C7-9F80-AF2A1BED4CA6}.Release|Mixed Platforms.ActiveCfg = Release|Any CPU
		{4ABF72F1-28B8-48C7-9F80-AF2A1BED4CA6}.Release|Mixed Platforms.Build.0 = Release|Any CPU
		{4ABF72F1-28B8-48C7-9F80-AF2A1BED4CA6}.Release|x86.ActiveCfg = Release|Any CPU
		{4ABF72F1-28B8-48C7-9F80-AF2A1BED4CA6}.Release|x86.Build.0 = Release|Any CPU
		{5EACC26C-585D-41B8-8D15-CE9F0533D92D}.Debug|Any CPU.ActiveCfg = Debug|x86
		{5EACC26C-585D-41B8-8D15-CE9F0533D92D}.Debug|Any CPU.Build.0 = Debug|x86
		{5EACC26C-585D-41B8-8D15-CE9F0533D92D}.Debug|Mixed Platforms.ActiveCfg = Debug|x86
		{5EACC26C-585D-41B8-8D15-CE9F0533D92D}.Debug|Mixed Platforms.Build.0 = Debug|x86
		{5EACC26C-585D-41B8-8D15-CE9F0533D92D}.Debug|x86.ActiveCfg = Debug|x86
		{5EACC26C-585D-41B8-8D15-CE9F0533D92D}.Debug|x86.Build.0 = Debug|x86
		{5EACC26C-585D-41B8-8D15-CE9F0533D92D}.Release|Any CPU.ActiveCfg = Release|x86
		{5EACC26C-585D-41B8-8D15-CE9F0533D92D}.Release|Any CPU.Build.0 = Release|x86
		{5EACC26C-585D-41B8-8D15-CE9F0533D92D}.Release|Mixed Platforms.ActiveCfg = Release|x86
		{5EACC26C-585D-41B8-8D15-CE9F0533D92D}.Release|Mixed Platforms.Build.0 = Release|x86
		{5EACC26C-585D-41B8-8D15-CE9F0533D92D}.Release|x86.ActiveCfg = Release|x86
		{5EACC26C-585D-41B8-8D15-CE9F0533D92D}.Release|x86.Build.0 = Release|x86
		{9EA747C8-B005-46CF-BF53-A555A7700C5F}.Debug|Any CPU.ActiveCfg = Debug|Any CPU
		{9EA747C8-B005-46CF-BF53-A555A7700C5F}.Debug|Any CPU.Build.0 = Debug|Any CPU
		{9EA747C8-B005-46CF-BF53-A555A7700C5F}.Debug|Mixed Platforms.ActiveCfg = Debug|Any CPU
		{9EA747C8-B005-46CF-BF53-A555A7700C5F}.Debug|Mixed Platforms.Build.0 = Debug|Any CPU
		{9EA747C8-B005-46CF-BF53-A555A7700C5F}.Debug|x86.ActiveCfg = Debug|x86
		{9EA747C8-B005-46CF-BF53-A555A7700C5F}.Debug|x86.Build.0 = Debug|x86
		{9EA747C8-B005-46CF-BF53-A555A7700C5F}.Release|Any CPU.ActiveCfg = Release|Any CPU
		{9EA747C8-B005-46CF-BF53-A555A7700C5F}.Release|Any CPU.Build.0 = Release|Any CPU
		{9EA747C8-B005-46CF-BF53-A555A7700C5F}.Release|Mixed Platforms.ActiveCfg = Release|Any CPU
		{9EA747C8-B005-46CF-BF53-A555A7700C5F}.Release|Mixed Platforms.Build.0 = Release|Any CPU
		{9EA747C8-B005-46CF-BF53-A555A7700C5F}.Release|x86.ActiveCfg = Release|Any CPU
		{9EA747C8-B005-46CF-BF53-A555A7700C5F}.Release|x86.Build.0 = Release|Any CPU
		{60251F11-AD7F-4097-9A3C-4953A9D36B82}.Debug|Any CPU.ActiveCfg = Debug|Any CPU
		{60251F11-AD7F-4097-9A3C-4953A9D36B82}.Debug|Any CPU.Build.0 = Debug|Any CPU
		{60251F11-AD7F-4097-9A3C-4953A9D36B82}.Debug|Mixed Platforms.ActiveCfg = Debug|Any CPU
		{60251F11-AD7F-4097-9A3C-4953A9D36B82}.Debug|Mixed Platforms.Build.0 = Debug|Any CPU
		{60251F11-AD7F-4097-9A3C-4953A9D36B82}.Debug|x86.ActiveCfg = Debug|Any CPU
		{60251F11-AD7F-4097-9A3C-4953A9D36B82}.Release|Any CPU.ActiveCfg = Release|Any CPU
		{60251F11-AD7F-4097-9A3C-4953A9D36B82}.Release|Any CPU.Build.0 = Release|Any CPU
		{60251F11-AD7F-4097-9A3C-4953A9D36B82}.Release|Mixed Platforms.ActiveCfg = Release|Any CPU
		{60251F11-AD7F-4097-9A3C-4953A9D36B82}.Release|Mixed Platforms.Build.0 = Release|Any CPU
		{60251F11-AD7F-4097-9A3C-4953A9D36B82}.Release|x86.ActiveCfg = Release|Any CPU
	EndGlobalSection
	GlobalSection(SolutionProperties) = preSolution
		HideSolutionNode = FALSE
	EndGlobalSection
EndGlobal
